// !$*UTF8*$!
{
	archiveVersion = 1;
	classes = {
	};
	objectVersion = 77;
	objects = {

/* Begin PBXBuildFile section */
		615360AA2E65BEFD00643E64 /* Main.storyboard in Resources */ = {isa = PBXBuildFile; fileRef = 615360A92E65BEFD00643E64 /* Main.storyboard */; };
		61C756672E65B72E00B2B371 /* NetworkExtension.framework in Frameworks */ = {isa = PBXBuildFile; fileRef = 61C756662E65B72E00B2B371 /* NetworkExtension.framework */; };
		61C756B82E65BDAC00B2B371 /* Assets.xcassets in Resources */ = {isa = PBXBuildFile; fileRef = 61C7569B2E65BDAC00B2B371 /* Assets.xcassets */; };
		61C756BE2E65BDAC00B2B371 /* Preferences.tbd in Frameworks */ = {isa = PBXBuildFile; fileRef = 61C756A82E65BDAC00B2B371 /* Preferences.tbd */; };
		61C756BF2E65BDAC00B2B371 /* AppDelegate.m in Sources */ = {isa = PBXBuildFile; fileRef = 61C7569A2E65BDAC00B2B371 /* AppDelegate.m */; };
		61C756C02E65BDAC00B2B371 /* main.m in Sources */ = {isa = PBXBuildFile; fileRef = 61C756A22E65BDAC00B2B371 /* main.m */; };
		61C756C12E65BDAC00B2B371 /* SceneDelegate.m in Sources */ = {isa = PBXBuildFile; fileRef = 61C756AA2E65BDAC00B2B371 /* SceneDelegate.m */; };
		61C756C22E65BDAC00B2B371 /* StripedTextTableViewController.m in Sources */ = {isa = PBXBuildFile; fileRef = 61C756AC2E65BDAC00B2B371 /* StripedTextTableViewController.m */; };
		61C756C32E65BDAC00B2B371 /* TaskProcess+ObjC.swift in Sources */ = {isa = PBXBuildFile; fileRef = 61C756AD2E65BDAC00B2B371 /* TaskProcess+ObjC.swift */; };
		61C756C42E65BDAC00B2B371 /* TVNCHotspotManager.m in Sources */ = {isa = PBXBuildFile; fileRef = 61C756B02E65BDAC00B2B371 /* TVNCHotspotManager.m */; };
		61C756C52E65BDAC00B2B371 /* TVNCRootListController.m in Sources */ = {isa = PBXBuildFile; fileRef = 61C756B22E65BDAC00B2B371 /* TVNCRootListController.m */; };
		61C756C62E65BDAC00B2B371 /* TVNCServiceCoordinator.m in Sources */ = {isa = PBXBuildFile; fileRef = 61C756B42E65BDAC00B2B371 /* TVNCServiceCoordinator.m */; };
		61C756C72E65BDAC00B2B371 /* TVNCViewController.m in Sources */ = {isa = PBXBuildFile; fileRef = 61C756B62E65BDAC00B2B371 /* TVNCViewController.m */; };
		61C756CE2E65BE6F00B2B371 /* LaunchScreen.storyboard in Resources */ = {isa = PBXBuildFile; fileRef = 61C756CD2E65BE6F00B2B371 /* LaunchScreen.storyboard */; };
/* End PBXBuildFile section */

/* Begin PBXFileReference section */
		61535F572E6590A100643E64 /* TrollVNC.app */ = {isa = PBXFileReference; explicitFileType = wrapper.application; includeInIndex = 0; path = TrollVNC.app; sourceTree = BUILT_PRODUCTS_DIR; };
		615360A82E65BEFD00643E64 /* Base */ = {isa = PBXFileReference; lastKnownFileType = file.storyboard; name = Base; path = Base.lproj/Main.storyboard; sourceTree = "<group>"; };
		615360AC2E65BF0000643E64 /* en */ = {isa = PBXFileReference; lastKnownFileType = text.plist.strings; name = en; path = en.lproj/Main.strings; sourceTree = "<group>"; };
		615360AE2E65BF0000643E64 /* zh-Hans */ = {isa = PBXFileReference; lastKnownFileType = text.plist.strings; name = "zh-Hans"; path = "zh-Hans.lproj/Main.strings"; sourceTree = "<group>"; };
		61C756662E65B72E00B2B371 /* NetworkExtension.framework */ = {isa = PBXFileReference; lastKnownFileType = wrapper.framework; name = NetworkExtension.framework; path = System/Library/Frameworks/NetworkExtension.framework; sourceTree = SDKROOT; };
		61C756992E65BDAC00B2B371 /* AppDelegate.h */ = {isa = PBXFileReference; lastKnownFileType = sourcecode.c.h; path = AppDelegate.h; sourceTree = "<group>"; };
		61C7569A2E65BDAC00B2B371 /* AppDelegate.m */ = {isa = PBXFileReference; lastKnownFileType = sourcecode.c.objc; path = AppDelegate.m; sourceTree = "<group>"; };
		61C7569B2E65BDAC00B2B371 /* Assets.xcassets */ = {isa = PBXFileReference; lastKnownFileType = folder.assetcatalog; path = Assets.xcassets; sourceTree = "<group>"; };
		61C7569C2E65BDAC00B2B371 /* Info.plist */ = {isa = PBXFileReference; lastKnownFileType = text.plist.xml; path = Info.plist; sourceTree = "<group>"; };
		61C756A22E65BDAC00B2B371 /* main.m */ = {isa = PBXFileReference; lastKnownFileType = sourcecode.c.objc; path = main.m; sourceTree = "<group>"; };
		61C756A82E65BDAC00B2B371 /* Preferences.tbd */ = {isa = PBXFileReference; lastKnownFileType = "sourcecode.text-based-dylib-definition"; path = Preferences.tbd; sourceTree = "<group>"; };
		61C756A92E65BDAC00B2B371 /* SceneDelegate.h */ = {isa = PBXFileReference; lastKnownFileType = sourcecode.c.h; path = SceneDelegate.h; sourceTree = "<group>"; };
		61C756AA2E65BDAC00B2B371 /* SceneDelegate.m */ = {isa = PBXFileReference; lastKnownFileType = sourcecode.c.objc; path = SceneDelegate.m; sourceTree = "<group>"; };
		61C756AB2E65BDAC00B2B371 /* StripedTextTableViewController.h */ = {isa = PBXFileReference; lastKnownFileType = sourcecode.c.h; path = StripedTextTableViewController.h; sourceTree = "<group>"; };
		61C756AC2E65BDAC00B2B371 /* StripedTextTableViewController.m */ = {isa = PBXFileReference; lastKnownFileType = sourcecode.c.objc; path = StripedTextTableViewController.m; sourceTree = "<group>"; };
		61C756AD2E65BDAC00B2B371 /* TaskProcess+ObjC.swift */ = {isa = PBXFileReference; lastKnownFileType = sourcecode.swift; path = "TaskProcess+ObjC.swift"; sourceTree = "<group>"; };
		61C756AE2E65BDAC00B2B371 /* TrollVNC.entitlements */ = {isa = PBXFileReference; lastKnownFileType = text.plist.entitlements; path = TrollVNC.entitlements; sourceTree = "<group>"; };
		61C756AF2E65BDAC00B2B371 /* TVNCHotspotManager.h */ = {isa = PBXFileReference; lastKnownFileType = sourcecode.c.h; path = TVNCHotspotManager.h; sourceTree = "<group>"; };
		61C756B02E65BDAC00B2B371 /* TVNCHotspotManager.m */ = {isa = PBXFileReference; lastKnownFileType = sourcecode.c.objc; path = TVNCHotspotManager.m; sourceTree = "<group>"; };
		61C756B12E65BDAC00B2B371 /* TVNCRootListController.h */ = {isa = PBXFileReference; lastKnownFileType = sourcecode.c.h; path = TVNCRootListController.h; sourceTree = "<group>"; };
		61C756B22E65BDAC00B2B371 /* TVNCRootListController.m */ = {isa = PBXFileReference; lastKnownFileType = sourcecode.c.objc; path = TVNCRootListController.m; sourceTree = "<group>"; };
		61C756B32E65BDAC00B2B371 /* TVNCServiceCoordinator.h */ = {isa = PBXFileReference; lastKnownFileType = sourcecode.c.h; path = TVNCServiceCoordinator.h; sourceTree = "<group>"; };
		61C756B42E65BDAC00B2B371 /* TVNCServiceCoordinator.m */ = {isa = PBXFileReference; lastKnownFileType = sourcecode.c.objc; path = TVNCServiceCoordinator.m; sourceTree = "<group>"; };
		61C756B52E65BDAC00B2B371 /* TVNCViewController.h */ = {isa = PBXFileReference; lastKnownFileType = sourcecode.c.h; path = TVNCViewController.h; sourceTree = "<group>"; };
		61C756B62E65BDAC00B2B371 /* TVNCViewController.m */ = {isa = PBXFileReference; lastKnownFileType = sourcecode.c.objc; path = TVNCViewController.m; sourceTree = "<group>"; };
		61C756D42E65BE9100B2B371 /* Base */ = {isa = PBXFileReference; lastKnownFileType = file.storyboard; name = Base; path = Base.lproj/LaunchScreen.storyboard; sourceTree = "<group>"; };
		61C756D62E65BEA900B2B371 /* en */ = {isa = PBXFileReference; lastKnownFileType = text.plist.strings; name = en; path = en.lproj/LaunchScreen.strings; sourceTree = "<group>"; };
		61C756D82E65BEA900B2B371 /* zh-Hans */ = {isa = PBXFileReference; lastKnownFileType = text.plist.strings; name = "zh-Hans"; path = "zh-Hans.lproj/LaunchScreen.strings"; sourceTree = "<group>"; };
/* End PBXFileReference section */

/* Begin PBXFrameworksBuildPhase section */
		61535F542E6590A100643E64 /* Frameworks */ = {
			isa = PBXFrameworksBuildPhase;
			buildActionMask = 2147483647;
			files = (
				61C756672E65B72E00B2B371 /* NetworkExtension.framework in Frameworks */,
				61C756BE2E65BDAC00B2B371 /* Preferences.tbd in Frameworks */,
			);
			runOnlyForDeploymentPostprocessing = 0;
		};
/* End PBXFrameworksBuildPhase section */

/* Begin PBXGroup section */
		61535F4E2E6590A100643E64 = {
			isa = PBXGroup;
			children = (
				61C756B72E65BDAC00B2B371 /* TrollVNC */,
				61C756652E65B72E00B2B371 /* Frameworks */,
				61535F582E6590A100643E64 /* Products */,
			);
			sourceTree = "<group>";
		};
		61535F582E6590A100643E64 /* Products */ = {
			isa = PBXGroup;
			children = (
				61535F572E6590A100643E64 /* TrollVNC.app */,
			);
			name = Products;
			sourceTree = "<group>";
		};
		61C756652E65B72E00B2B371 /* Frameworks */ = {
			isa = PBXGroup;
			children = (
				61C756662E65B72E00B2B371 /* NetworkExtension.framework */,
			);
			name = Frameworks;
			sourceTree = "<group>";
		};
		61C756B72E65BDAC00B2B371 /* TrollVNC */ = {
			isa = PBXGroup;
			children = (
				61C756992E65BDAC00B2B371 /* AppDelegate.h */,
				61C7569A2E65BDAC00B2B371 /* AppDelegate.m */,
				61C7569B2E65BDAC00B2B371 /* Assets.xcassets */,
				61C7569C2E65BDAC00B2B371 /* Info.plist */,
				61C756CD2E65BE6F00B2B371 /* LaunchScreen.storyboard */,
				61C756A22E65BDAC00B2B371 /* main.m */,
				615360A92E65BEFD00643E64 /* Main.storyboard */,
				61C756A82E65BDAC00B2B371 /* Preferences.tbd */,
				61C756A92E65BDAC00B2B371 /* SceneDelegate.h */,
				61C756AA2E65BDAC00B2B371 /* SceneDelegate.m */,
				61C756AB2E65BDAC00B2B371 /* StripedTextTableViewController.h */,
				61C756AC2E65BDAC00B2B371 /* StripedTextTableViewController.m */,
				61C756AD2E65BDAC00B2B371 /* TaskProcess+ObjC.swift */,
				61C756AE2E65BDAC00B2B371 /* TrollVNC.entitlements */,
				61C756AF2E65BDAC00B2B371 /* TVNCHotspotManager.h */,
				61C756B02E65BDAC00B2B371 /* TVNCHotspotManager.m */,
				61C756B12E65BDAC00B2B371 /* TVNCRootListController.h */,
				61C756B22E65BDAC00B2B371 /* TVNCRootListController.m */,
				61C756B32E65BDAC00B2B371 /* TVNCServiceCoordinator.h */,
				61C756B42E65BDAC00B2B371 /* TVNCServiceCoordinator.m */,
				61C756B52E65BDAC00B2B371 /* TVNCViewController.h */,
				61C756B62E65BDAC00B2B371 /* TVNCViewController.m */,
			);
			path = TrollVNC;
			sourceTree = "<group>";
		};
/* End PBXGroup section */

/* Begin PBXNativeTarget section */
		61535F562E6590A100643E64 /* TrollVNC */ = {
			isa = PBXNativeTarget;
			buildConfigurationList = 61535F6F2E6590A100643E64 /* Build configuration list for PBXNativeTarget "TrollVNC" */;
			buildPhases = (
				61535F532E6590A100643E64 /* Sources */,
				61535F542E6590A100643E64 /* Frameworks */,
				61535F552E6590A100643E64 /* Resources */,
				61535F7E2E6591FF00643E64 /* ShellScript */,
			);
			buildRules = (
			);
			dependencies = (
			);
			name = TrollVNC;
			packageProductDependencies = (
			);
			productName = TrollVNC;
			productReference = 61535F572E6590A100643E64 /* TrollVNC.app */;
			productType = "com.apple.product-type.application";
		};
/* End PBXNativeTarget section */

/* Begin PBXProject section */
		61535F4F2E6590A100643E64 /* Project object */ = {
			isa = PBXProject;
			attributes = {
				BuildIndependentTargetsInParallel = 1;
				LastUpgradeCheck = 1640;
				TargetAttributes = {
					61535F562E6590A100643E64 = {
						CreatedOnToolsVersion = 16.4;
					};
				};
			};
			buildConfigurationList = 61535F522E6590A100643E64 /* Build configuration list for PBXProject "TrollVNC" */;
			developmentRegion = en;
			hasScannedForEncodings = 0;
			knownRegions = (
				en,
				"zh-Hans",
				Base,
			);
			mainGroup = 61535F4E2E6590A100643E64;
			minimizedProjectReferenceProxies = 1;
			preferredProjectObjectVersion = 77;
			productRefGroup = 61535F582E6590A100643E64 /* Products */;
			projectDirPath = "";
			projectRoot = "";
			targets = (
				61535F562E6590A100643E64 /* TrollVNC */,
			);
		};
/* End PBXProject section */

/* Begin PBXResourcesBuildPhase section */
		61535F552E6590A100643E64 /* Resources */ = {
			isa = PBXResourcesBuildPhase;
			buildActionMask = 2147483647;
			files = (
				615360AA2E65BEFD00643E64 /* Main.storyboard in Resources */,
				61C756CE2E65BE6F00B2B371 /* LaunchScreen.storyboard in Resources */,
				61C756B82E65BDAC00B2B371 /* Assets.xcassets in Resources */,
			);
			runOnlyForDeploymentPostprocessing = 0;
		};
/* End PBXResourcesBuildPhase section */

/* Begin PBXShellScriptBuildPhase section */
		61535F7E2E6591FF00643E64 /* ShellScript */ = {
			isa = PBXShellScriptBuildPhase;
			alwaysOutOfDate = 1;
			buildActionMask = 2147483647;
			files = (
			);
			inputFileListPaths = (
			);
			inputPaths = (
			);
			outputFileListPaths = (
			);
			outputPaths = (
			);
			runOnlyForDeploymentPostprocessing = 0;
			shellPath = /bin/zsh;
			shellScript = "PATH=\"/opt/homebrew/bin:$THEOS/bin:$PATH\"\nif ! command -v ldid &>/dev/null; then\n    echo \"[!] ldid not found, run: brew install ldid-procursus\"\n    exit 1\nfi\nif [ \"$CODE_SIGNING_ALLOWED\" = \"NO\" ]; then\n    ldid -S${CODE_SIGN_ENTITLEMENTS} ${CODESIGNING_FOLDER_PATH}\nfi\n";
		};
/* End PBXShellScriptBuildPhase section */

/* Begin PBXSourcesBuildPhase section */
		61535F532E6590A100643E64 /* Sources */ = {
			isa = PBXSourcesBuildPhase;
			buildActionMask = 2147483647;
			files = (
				61C756BF2E65BDAC00B2B371 /* AppDelegate.m in Sources */,
				61C756C02E65BDAC00B2B371 /* main.m in Sources */,
				61C756C12E65BDAC00B2B371 /* SceneDelegate.m in Sources */,
				61C756C22E65BDAC00B2B371 /* StripedTextTableViewController.m in Sources */,
				61C756C32E65BDAC00B2B371 /* TaskProcess+ObjC.swift in Sources */,
				61C756C42E65BDAC00B2B371 /* TVNCHotspotManager.m in Sources */,
				61C756C52E65BDAC00B2B371 /* TVNCRootListController.m in Sources */,
				61C756C62E65BDAC00B2B371 /* TVNCServiceCoordinator.m in Sources */,
				61C756C72E65BDAC00B2B371 /* TVNCViewController.m in Sources */,
			);
			runOnlyForDeploymentPostprocessing = 0;
		};
/* End PBXSourcesBuildPhase section */

/* Begin PBXVariantGroup section */
		615360A92E65BEFD00643E64 /* Main.storyboard */ = {
			isa = PBXVariantGroup;
			children = (
				615360A82E65BEFD00643E64 /* Base */,
				615360AC2E65BF0000643E64 /* en */,
				615360AE2E65BF0000643E64 /* zh-Hans */,
			);
			name = Main.storyboard;
			sourceTree = "<group>";
		};
		61C756CD2E65BE6F00B2B371 /* LaunchScreen.storyboard */ = {
			isa = PBXVariantGroup;
			children = (
				61C756D42E65BE9100B2B371 /* Base */,
				61C756D62E65BEA900B2B371 /* en */,
				61C756D82E65BEA900B2B371 /* zh-Hans */,
			);
			name = LaunchScreen.storyboard;
			sourceTree = "<group>";
		};
/* End PBXVariantGroup section */

/* Begin XCBuildConfiguration section */
		61535F702E6590A100643E64 /* Debug */ = {
			isa = XCBuildConfiguration;
			buildSettings = {
				ASSETCATALOG_COMPILER_APPICON_NAME = AppIcon;
				ASSETCATALOG_COMPILER_GLOBAL_ACCENT_COLOR_NAME = AccentColor;
				CODE_SIGNING_ALLOWED = NO;
				CODE_SIGN_ENTITLEMENTS = TrollVNC/TrollVNC.entitlements;
				CODE_SIGN_STYLE = Automatic;
				CURRENT_PROJECT_VERSION = 1;
				ENABLE_USER_SCRIPT_SANDBOXING = NO;
				GCC_PREPROCESSOR_DEFINITIONS = (
					"DEBUG=1",
					"THEOS_PACKAGE_SCHEME=\\\"bootstrap\\\"",
					"PACKAGE_VERSION=\\\"1.0\\\"",
				);
				GENERATE_INFOPLIST_FILE = YES;
				INFOPLIST_FILE = TrollVNC/Info.plist;
				INFOPLIST_KEY_CFBundleDisplayName = TrollVNC;
				INFOPLIST_KEY_LSApplicationCategoryType = "public.app-category.utilities";
				INFOPLIST_KEY_UIApplicationSupportsIndirectInputEvents = YES;
				INFOPLIST_KEY_UILaunchStoryboardName = LaunchScreen;
				INFOPLIST_KEY_UIMainStoryboardFile = Main;
				INFOPLIST_KEY_UISupportedInterfaceOrientations = UIInterfaceOrientationPortrait;
				INFOPLIST_KEY_UISupportedInterfaceOrientations_iPad = "UIInterfaceOrientationLandscapeLeft UIInterfaceOrientationLandscapeRight UIInterfaceOrientationPortrait UIInterfaceOrientationPortraitUpsideDown";
				IPHONEOS_DEPLOYMENT_TARGET = 14.0;
				LD_RUNPATH_SEARCH_PATHS = (
					"$(inherited)",
					"@executable_path/Frameworks",
				);
				LIBRARY_SEARCH_PATHS = (
					"$(inherited)",
					"$(PROJECT_DIR)/TrollVNC",
				);
				MARKETING_VERSION = 1.0;
				PRODUCT_BUNDLE_IDENTIFIER = com.82flex.TrollVNC;
				PRODUCT_NAME = "$(TARGET_NAME)";
				SUPPORTED_PLATFORMS = iphoneos;
				SUPPORTS_MACCATALYST = NO;
				SUPPORTS_MAC_DESIGNED_FOR_IPHONE_IPAD = NO;
				SUPPORTS_XR_DESIGNED_FOR_IPHONE_IPAD = NO;
				SWIFT_EMIT_LOC_STRINGS = YES;
				SWIFT_VERSION = 5.0;
				SYSTEM_HEADER_SEARCH_PATHS = (
					$THEOS/include,
					$THEOS/vendor/include,
				);
				TARGETED_DEVICE_FAMILY = "1,2";
				THEOS = $HOME/theos;
			};
			name = Debug;
		};
		61535F712E6590A100643E64 /* Release */ = {
			isa = XCBuildConfiguration;
			buildSettings = {
				ASSETCATALOG_COMPILER_APPICON_NAME = AppIcon;
				ASSETCATALOG_COMPILER_GLOBAL_ACCENT_COLOR_NAME = AccentColor;
				CODE_SIGNING_ALLOWED = NO;
				CODE_SIGN_ENTITLEMENTS = TrollVNC/TrollVNC.entitlements;
				CODE_SIGN_STYLE = Automatic;
				CURRENT_PROJECT_VERSION = 1;
				ENABLE_USER_SCRIPT_SANDBOXING = NO;
				GCC_PREPROCESSOR_DEFINITIONS = "THEOS_PACKAGE_SCHEME=\\\"bootstrap\\\"";
				GENERATE_INFOPLIST_FILE = YES;
				INFOPLIST_FILE = TrollVNC/Info.plist;
				INFOPLIST_KEY_CFBundleDisplayName = TrollVNC;
				INFOPLIST_KEY_LSApplicationCategoryType = "public.app-category.utilities";
				INFOPLIST_KEY_UIApplicationSupportsIndirectInputEvents = YES;
				INFOPLIST_KEY_UILaunchStoryboardName = LaunchScreen;
				INFOPLIST_KEY_UIMainStoryboardFile = Main;
				INFOPLIST_KEY_UISupportedInterfaceOrientations = UIInterfaceOrientationPortrait;
				INFOPLIST_KEY_UISupportedInterfaceOrientations_iPad = "UIInterfaceOrientationLandscapeLeft UIInterfaceOrientationLandscapeRight UIInterfaceOrientationPortrait UIInterfaceOrientationPortraitUpsideDown";
				IPHONEOS_DEPLOYMENT_TARGET = 14.0;
				LD_RUNPATH_SEARCH_PATHS = (
					"$(inherited)",
					"@executable_path/Frameworks",
				);
				LIBRARY_SEARCH_PATHS = (
					"$(inherited)",
					"$(PROJECT_DIR)/TrollVNC",
				);
				MARKETING_VERSION = 1.0;
				PRODUCT_BUNDLE_IDENTIFIER = com.82flex.TrollVNC;
				PRODUCT_NAME = "$(TARGET_NAME)";
				SUPPORTED_PLATFORMS = iphoneos;
				SUPPORTS_MACCATALYST = NO;
				SUPPORTS_MAC_DESIGNED_FOR_IPHONE_IPAD = NO;
				SUPPORTS_XR_DESIGNED_FOR_IPHONE_IPAD = NO;
				SWIFT_EMIT_LOC_STRINGS = YES;
				SWIFT_VERSION = 5.0;
				SYSTEM_HEADER_SEARCH_PATHS = (
					$THEOS/include,
					$THEOS/vendor/include,
				);
				TARGETED_DEVICE_FAMILY = "1,2";
				THEOS = $HOME/theos;
			};
			name = Release;
		};
		61535F722E6590A100643E64 /* Debug */ = {
			isa = XCBuildConfiguration;
			buildSettings = {
				ALWAYS_SEARCH_USER_PATHS = NO;
				ASSETCATALOG_COMPILER_GENERATE_SWIFT_ASSET_SYMBOL_EXTENSIONS = YES;
				CLANG_ANALYZER_LOCALIZABILITY_NONLOCALIZED = YES;
				CLANG_ANALYZER_NONNULL = YES;
				CLANG_ANALYZER_NUMBER_OBJECT_CONVERSION = YES_AGGRESSIVE;
				CLANG_CXX_LANGUAGE_STANDARD = "gnu++20";
				CLANG_ENABLE_MODULES = YES;
				CLANG_ENABLE_OBJC_ARC = YES;
				CLANG_ENABLE_OBJC_WEAK = YES;
				CLANG_WARN_BLOCK_CAPTURE_AUTORELEASING = YES;
				CLANG_WARN_BOOL_CONVERSION = YES;
				CLANG_WARN_COMMA = YES;
				CLANG_WARN_CONSTANT_CONVERSION = YES;
				CLANG_WARN_DEPRECATED_OBJC_IMPLEMENTATIONS = YES;
				CLANG_WARN_DIRECT_OBJC_ISA_USAGE = YES_ERROR;
				CLANG_WARN_DOCUMENTATION_COMMENTS = YES;
				CLANG_WARN_EMPTY_BODY = YES;
				CLANG_WARN_ENUM_CONVERSION = YES;
				CLANG_WARN_INFINITE_RECURSION = YES;
				CLANG_WARN_INT_CONVERSION = YES;
				CLANG_WARN_NON_LITERAL_NULL_CONVERSION = YES;
				CLANG_WARN_OBJC_IMPLICIT_RETAIN_SELF = YES;
				CLANG_WARN_OBJC_LITERAL_CONVERSION = YES;
				CLANG_WARN_OBJC_ROOT_CLASS = YES_ERROR;
				CLANG_WARN_QUOTED_INCLUDE_IN_FRAMEWORK_HEADER = YES;
				CLANG_WARN_RANGE_LOOP_ANALYSIS = YES;
				CLANG_WARN_STRICT_PROTOTYPES = YES;
				CLANG_WARN_SUSPICIOUS_MOVE = YES;
				CLANG_WARN_UNGUARDED_AVAILABILITY = YES_AGGRESSIVE;
				CLANG_WARN_UNREACHABLE_CODE = YES;
				CLANG_WARN__DUPLICATE_METHOD_MATCH = YES;
				COPY_PHASE_STRIP = NO;
				DEBUG_INFORMATION_FORMAT = dwarf;
				ENABLE_STRICT_OBJC_MSGSEND = YES;
				ENABLE_TESTABILITY = YES;
				ENABLE_USER_SCRIPT_SANDBOXING = YES;
				GCC_C_LANGUAGE_STANDARD = gnu17;
				GCC_DYNAMIC_NO_PIC = NO;
				GCC_NO_COMMON_BLOCKS = YES;
				GCC_OPTIMIZATION_LEVEL = 0;
				GCC_PREPROCESSOR_DEFINITIONS = (
					"DEBUG=1",
					"$(inherited)",
				);
				GCC_WARN_64_TO_32_BIT_CONVERSION = YES;
				GCC_WARN_ABOUT_RETURN_TYPE = YES_ERROR;
				GCC_WARN_UNDECLARED_SELECTOR = YES;
				GCC_WARN_UNINITIALIZED_AUTOS = YES_AGGRESSIVE;
				GCC_WARN_UNUSED_FUNCTION = YES;
				GCC_WARN_UNUSED_VARIABLE = YES;
				IPHONEOS_DEPLOYMENT_TARGET = 18.5;
				LOCALIZATION_PREFERS_STRING_CATALOGS = YES;
				MTL_ENABLE_DEBUG_INFO = INCLUDE_SOURCE;
				MTL_FAST_MATH = YES;
				ONLY_ACTIVE_ARCH = YES;
				SDKROOT = iphoneos;
			};
			name = Debug;
		};
		61535F732E6590A100643E64 /* Release */ = {
			isa = XCBuildConfiguration;
			buildSettings = {
				ALWAYS_SEARCH_USER_PATHS = NO;
				ASSETCATALOG_COMPILER_GENERATE_SWIFT_ASSET_SYMBOL_EXTENSIONS = YES;
				CLANG_ANALYZER_LOCALIZABILITY_NONLOCALIZED = YES;
				CLANG_ANALYZER_NONNULL = YES;
				CLANG_ANALYZER_NUMBER_OBJECT_CONVERSION = YES_AGGRESSIVE;
				CLANG_CXX_LANGUAGE_STANDARD = "gnu++20";
				CLANG_ENABLE_MODULES = YES;
				CLANG_ENABLE_OBJC_ARC = YES;
				CLANG_ENABLE_OBJC_WEAK = YES;
				CLANG_WARN_BLOCK_CAPTURE_AUTORELEASING = YES;
				CLANG_WARN_BOOL_CONVERSION = YES;
				CLANG_WARN_COMMA = YES;
				CLANG_WARN_CONSTANT_CONVERSION = YES;
				CLANG_WARN_DEPRECATED_OBJC_IMPLEMENTATIONS = YES;
				CLANG_WARN_DIRECT_OBJC_ISA_USAGE = YES_ERROR;
				CLANG_WARN_DOCUMENTATION_COMMENTS = YES;
				CLANG_WARN_EMPTY_BODY = YES;
				CLANG_WARN_ENUM_CONVERSION = YES;
				CLANG_WARN_INFINITE_RECURSION = YES;
				CLANG_WARN_INT_CONVERSION = YES;
				CLANG_WARN_NON_LITERAL_NULL_CONVERSION = YES;
				CLANG_WARN_OBJC_IMPLICIT_RETAIN_SELF = YES;
				CLANG_WARN_OBJC_LITERAL_CONVERSION = YES;
				CLANG_WARN_OBJC_ROOT_CLASS = YES_ERROR;
				CLANG_WARN_QUOTED_INCLUDE_IN_FRAMEWORK_HEADER = YES;
				CLANG_WARN_RANGE_LOOP_ANALYSIS = YES;
				CLANG_WARN_STRICT_PROTOTYPES = YES;
				CLANG_WARN_SUSPICIOUS_MOVE = YES;
				CLANG_WARN_UNGUARDED_AVAILABILITY = YES_AGGRESSIVE;
				CLANG_WARN_UNREACHABLE_CODE = YES;
				CLANG_WARN__DUPLICATE_METHOD_MATCH = YES;
				COPY_PHASE_STRIP = NO;
				DEBUG_INFORMATION_FORMAT = "dwarf-with-dsym";
				ENABLE_NS_ASSERTIONS = NO;
				ENABLE_STRICT_OBJC_MSGSEND = YES;
				ENABLE_USER_SCRIPT_SANDBOXING = YES;
				GCC_C_LANGUAGE_STANDARD = gnu17;
				GCC_NO_COMMON_BLOCKS = YES;
				GCC_WARN_64_TO_32_BIT_CONVERSION = YES;
				GCC_WARN_ABOUT_RETURN_TYPE = YES_ERROR;
				GCC_WARN_UNDECLARED_SELECTOR = YES;
				GCC_WARN_UNINITIALIZED_AUTOS = YES_AGGRESSIVE;
				GCC_WARN_UNUSED_FUNCTION = YES;
				GCC_WARN_UNUSED_VARIABLE = YES;
				IPHONEOS_DEPLOYMENT_TARGET = 18.5;
				LOCALIZATION_PREFERS_STRING_CATALOGS = YES;
				MTL_ENABLE_DEBUG_INFO = NO;
				MTL_FAST_MATH = YES;
				SDKROOT = iphoneos;
				VALIDATE_PRODUCT = YES;
			};
			name = Release;
		};
/* End XCBuildConfiguration section */

/* Begin XCConfigurationList section */
		61535F522E6590A100643E64 /* Build configuration list for PBXProject "TrollVNC" */ = {
			isa = XCConfigurationList;
			buildConfigurations = (
				61535F722E6590A100643E64 /* Debug */,
				61535F732E6590A100643E64 /* Release */,
			);
			defaultConfigurationIsVisible = 0;
			defaultConfigurationName = Release;
		};
		61535F6F2E6590A100643E64 /* Build configuration list for PBXNativeTarget "TrollVNC" */ = {
			isa = XCConfigurationList;
			buildConfigurations = (
				61535F702E6590A100643E64 /* Debug */,
				61535F712E6590A100643E64 /* Release */,
			);
			defaultConfigurationIsVisible = 0;
			defaultConfigurationName = Release;
		};
/* End XCConfigurationList section */
	};
	rootObject = 61535F4F2E6590A100643E64 /* Project object */;
}
